
Microsoft Visual Studio Solution File, Format Version 12.00
# Visual Studio Version 17
VisualStudioVersion = 17.3.32929.385
MinimumVisualStudioVersion = 10.0.40219.1
Project("{FAE04EC0-301F-11D3-BF4B-00C04F79EFBC}") = "TraversalApiProject", "TraversalApiProject\TraversalApiProject.csproj", "{831F0407-BF5B-400F-ACA1-5CB259343A7F}"
EndProject
Global
	GlobalSection(SolutionConfigurationPlatforms) = preSolution
		Debug|Any CPU = Debug|Any CPU
		Release|Any CPU = Release|Any CPU
	EndGlobalSection
	GlobalSection(ProjectConfigurationPlatforms) = postSolution
		{831F0407-BF5B-400F-ACA1-5CB259343A7F}.Debug|Any CPU.ActiveCfg = Debug|Any CPU
		{831F0407-BF5B-400F-ACA1-5CB259343A7F}.Debug|Any CPU.Build.0 = Debug|Any CPU
		{831F0407-BF5B-400F-ACA1-5CB259343A7F}.Release|Any CPU.ActiveCfg = Release|Any CPU
		{831F0407-BF5B-400F-ACA1-5CB259343A7F}.Release|Any CPU.Build.0 = Release|Any CPU
	EndGlobalSection
	GlobalSection(SolutionProperties) = preSolution
		HideSolutionNode = FALSE
	EndGlobalSection
	GlobalSection(ExtensibilityGlobals) = postSolution
		SolutionGuid = {810A1A05-107C-435D-B14E-9A4E0B87D6BB}
	EndGlobalSection
EndGlobal
